// !$*UTF8*$!
{
	archiveVersion = 1;
	classes = {
	};
	objectVersion = 50;
	objects = {

/* Begin PBXBuildFile section */
		5F6837A225E6FF550079FBBA /* Tests_iOS.swift in Sources */ = {isa = PBXBuildFile; fileRef = 5F6837A125E6FF550079FBBA /* Tests_iOS.swift */; };
		5F6837AD25E6FF550079FBBA /* Tests_macOS.swift in Sources */ = {isa = PBXBuildFile; fileRef = 5F6837AC25E6FF550079FBBA /* Tests_macOS.swift */; };
		5F6837AF25E6FF550079FBBA /* GitHubTestAppApp.swift in Sources */ = {isa = PBXBuildFile; fileRef = 5F68378625E6FF530079FBBA /* GitHubTestAppApp.swift */; };
		5F6837B025E6FF550079FBBA /* GitHubTestAppApp.swift in Sources */ = {isa = PBXBuildFile; fileRef = 5F68378625E6FF530079FBBA /* GitHubTestAppApp.swift */; };
		5F6837B125E6FF550079FBBA /* ContentView.swift in Sources */ = {isa = PBXBuildFile; fileRef = 5F68378725E6FF530079FBBA /* ContentView.swift */; };
		5F6837B225E6FF550079FBBA /* ContentView.swift in Sources */ = {isa = PBXBuildFile; fileRef = 5F68378725E6FF530079FBBA /* ContentView.swift */; };
		5F6837B325E6FF550079FBBA /* Assets.xcassets in Resources */ = {isa = PBXBuildFile; fileRef = 5F68378825E6FF550079FBBA /* Assets.xcassets */; };
		5F6837B425E6FF550079FBBA /* Assets.xcassets in Resources */ = {isa = PBXBuildFile; fileRef = 5F68378825E6FF550079FBBA /* Assets.xcassets */; };
/* End PBXBuildFile section */

/* Begin PBXContainerItemProxy section */
		5F68379E25E6FF550079FBBA /* PBXContainerItemProxy */ = {
			isa = PBXContainerItemProxy;
			containerPortal = 5F68378125E6FF520079FBBA /* Project object */;
			proxyType = 1;
			remoteGlobalIDString = 5F68378C25E6FF550079FBBA;
			remoteInfo = "GitHubTestApp (iOS)";
		};
		5F6837A925E6FF550079FBBA /* PBXContainerItemProxy */ = {
			isa = PBXContainerItemProxy;
			containerPortal = 5F68378125E6FF520079FBBA /* Project object */;
			proxyType = 1;
			remoteGlobalIDString = 5F68379425E6FF550079FBBA;
			remoteInfo = "GitHubTestApp (macOS)";
		};
/* End PBXContainerItemProxy section */

/* Begin PBXFileReference section */
		5F68378625E6FF530079FBBA /* GitHubTestAppApp.swift */ = {isa = PBXFileReference; lastKnownFileType = sourcecode.swift; path = GitHubTestAppApp.swift; sourceTree = "<group>"; };
		5F68378725E6FF530079FBBA /* ContentView.swift */ = {isa = PBXFileReference; lastKnownFileType = sourcecode.swift; path = ContentView.swift; sourceTree = "<group>"; };
		5F68378825E6FF550079FBBA /* Assets.xcassets */ = {isa = PBXFileReference; lastKnownFileType = folder.assetcatalog; path = Assets.xcassets; sourceTree = "<group>"; };
		5F68378D25E6FF550079FBBA /* GitHubTestApp.app */ = {isa = PBXFileReference; explicitFileType = wrapper.application; includeInIndex = 0; path = GitHubTestApp.app; sourceTree = BUILT_PRODUCTS_DIR; };
		5F68379025E6FF550079FBBA /* Info.plist */ = {isa = PBXFileReference; lastKnownFileType = text.plist.xml; path = Info.plist; sourceTree = "<group>"; };
		5F68379525E6FF550079FBBA /* GitHubTestApp.app */ = {isa = PBXFileReference; explicitFileType = wrapper.application; includeInIndex = 0; path = GitHubTestApp.app; sourceTree = BUILT_PRODUCTS_DIR; };
		5F68379725E6FF550079FBBA /* Info.plist */ = {isa = PBXFileReference; lastKnownFileType = text.plist.xml; path = Info.plist; sourceTree = "<group>"; };
		5F68379825E6FF550079FBBA /* macOS.entitlements */ = {isa = PBXFileReference; lastKnownFileType = text.plist.entitlements; path = macOS.entitlements; sourceTree = "<group>"; };
		5F68379D25E6FF550079FBBA /* Tests iOS.xctest */ = {isa = PBXFileReference; explicitFileType = wrapper.cfbundle; includeInIndex = 0; path = "Tests iOS.xctest"; sourceTree = BUILT_PRODUCTS_DIR; };
		5F6837A125E6FF550079FBBA /* Tests_iOS.swift */ = {isa = PBXFileReference; lastKnownFileType = sourcecode.swift; path = Tests_iOS.swift; sourceTree = "<group>"; };
		5F6837A325E6FF550079FBBA /* Info.plist */ = {isa = PBXFileReference; lastKnownFileType = text.plist.xml; path = Info.plist; sourceTree = "<group>"; };
		5F6837A825E6FF550079FBBA /* Tests macOS.xctest */ = {isa = PBXFileReference; explicitFileType = wrapper.cfbundle; includeInIndex = 0; path = "Tests macOS.xctest"; sourceTree = BUILT_PRODUCTS_DIR; };
		5F6837AC25E6FF550079FBBA /* Tests_macOS.swift */ = {isa = PBXFileReference; lastKnownFileType = sourcecode.swift; path = Tests_macOS.swift; sourceTree = "<group>"; };
		5F6837AE25E6FF550079FBBA /* Info.plist */ = {isa = PBXFileReference; lastKnownFileType = text.plist.xml; path = Info.plist; sourceTree = "<group>"; };
/* End PBXFileReference section */

/* Begin PBXFrameworksBuildPhase section */
		5F68378A25E6FF550079FBBA /* Frameworks */ = {
			isa = PBXFrameworksBuildPhase;
			buildActionMask = 2147483647;
			files = (
			);
			runOnlyForDeploymentPostprocessing = 0;
		};
		5F68379225E6FF550079FBBA /* Frameworks */ = {
			isa = PBXFrameworksBuildPhase;
			buildActionMask = 2147483647;
			files = (
			);
			runOnlyForDeploymentPostprocessing = 0;
		};
		5F68379A25E6FF550079FBBA /* Frameworks */ = {
			isa = PBXFrameworksBuildPhase;
			buildActionMask = 2147483647;
			files = (
			);
			runOnlyForDeploymentPostprocessing = 0;
		};
		5F6837A525E6FF550079FBBA /* Frameworks */ = {
			isa = PBXFrameworksBuildPhase;
			buildActionMask = 2147483647;
			files = (
			);
			runOnlyForDeploymentPostprocessing = 0;
		};
/* End PBXFrameworksBuildPhase section */

/* Begin PBXGroup section */
		5F68378025E6FF520079FBBA = {
			isa = PBXGroup;
			children = (
				5F68378525E6FF530079FBBA /* Shared */,
				5F68378F25E6FF550079FBBA /* iOS */,
				5F68379625E6FF550079FBBA /* macOS */,
				5F6837A025E6FF550079FBBA /* Tests iOS */,
				5F6837AB25E6FF550079FBBA /* Tests macOS */,
				5F68378E25E6FF550079FBBA /* Products */,
			);
			sourceTree = "<group>";
		};
		5F68378525E6FF530079FBBA /* Shared */ = {
			isa = PBXGroup;
			children = (
				5F68378625E6FF530079FBBA /* GitHubTestAppApp.swift */,
				5F68378725E6FF530079FBBA /* ContentView.swift */,
				5F68378825E6FF550079FBBA /* Assets.xcassets */,
			);
			path = Shared;
			sourceTree = "<group>";
		};
		5F68378E25E6FF550079FBBA /* Products */ = {
			isa = PBXGroup;
			children = (
				5F68378D25E6FF550079FBBA /* GitHubTestApp.app */,
				5F68379525E6FF550079FBBA /* GitHubTestApp.app */,
				5F68379D25E6FF550079FBBA /* Tests iOS.xctest */,
				5F6837A825E6FF550079FBBA /* Tests macOS.xctest */,
			);
			name = Products;
			sourceTree = "<group>";
		};
		5F68378F25E6FF550079FBBA /* iOS */ = {
			isa = PBXGroup;
			children = (
				5F68379025E6FF550079FBBA /* Info.plist */,
			);
			path = iOS;
			sourceTree = "<group>";
		};
		5F68379625E6FF550079FBBA /* macOS */ = {
			isa = PBXGroup;
			children = (
				5F68379725E6FF550079FBBA /* Info.plist */,
				5F68379825E6FF550079FBBA /* macOS.entitlements */,
			);
			path = macOS;
			sourceTree = "<group>";
		};
		5F6837A025E6FF550079FBBA /* Tests iOS */ = {
			isa = PBXGroup;
			children = (
				5F6837A125E6FF550079FBBA /* Tests_iOS.swift */,
				5F6837A325E6FF550079FBBA /* Info.plist */,
			);
			path = "Tests iOS";
			sourceTree = "<group>";
		};
		5F6837AB25E6FF550079FBBA /* Tests macOS */ = {
			isa = PBXGroup;
			children = (
				5F6837AC25E6FF550079FBBA /* Tests_macOS.swift */,
				5F6837AE25E6FF550079FBBA /* Info.plist */,
			);
			path = "Tests macOS";
			sourceTree = "<group>";
		};
/* End PBXGroup section */

/* Begin PBXNativeTarget section */
		5F68378C25E6FF550079FBBA /* GitHubTestApp (iOS) */ = {
			isa = PBXNativeTarget;
			buildConfigurationList = 5F6837B725E6FF550079FBBA /* Build configuration list for PBXNativeTarget "GitHubTestApp (iOS)" */;
			buildPhases = (
				5F68378925E6FF550079FBBA /* Sources */,
				5F68378A25E6FF550079FBBA /* Frameworks */,
				5F68378B25E6FF550079FBBA /* Resources */,
			);
			buildRules = (
			);
			dependencies = (
			);
			name = "GitHubTestApp (iOS)";
			productName = "GitHubTestApp (iOS)";
			productReference = 5F68378D25E6FF550079FBBA /* GitHubTestApp.app */;
			productType = "com.apple.product-type.application";
		};
		5F68379425E6FF550079FBBA /* GitHubTestApp (macOS) */ = {
			isa = PBXNativeTarget;
			buildConfigurationList = 5F6837BA25E6FF550079FBBA /* Build configuration list for PBXNativeTarget "GitHubTestApp (macOS)" */;
			buildPhases = (
				5F68379125E6FF550079FBBA /* Sources */,
				5F68379225E6FF550079FBBA /* Frameworks */,
				5F68379325E6FF550079FBBA /* Resources */,
			);
			buildRules = (
			);
			dependencies = (
			);
			name = "GitHubTestApp (macOS)";
			productName = "GitHubTestApp (macOS)";
			productReference = 5F68379525E6FF550079FBBA /* GitHubTestApp.app */;
			productType = "com.apple.product-type.application";
		};
		5F68379C25E6FF550079FBBA /* Tests iOS */ = {
			isa = PBXNativeTarget;
			buildConfigurationList = 5F6837BD25E6FF550079FBBA /* Build configuration list for PBXNativeTarget "Tests iOS" */;
			buildPhases = (
				5F68379925E6FF550079FBBA /* Sources */,
				5F68379A25E6FF550079FBBA /* Frameworks */,
				5F68379B25E6FF550079FBBA /* Resources */,
			);
			buildRules = (
			);
			dependencies = (
				5F68379F25E6FF550079FBBA /* PBXTargetDependency */,
			);
			name = "Tests iOS";
			productName = "Tests iOS";
			productReference = 5F68379D25E6FF550079FBBA /* Tests iOS.xctest */;
			productType = "com.apple.product-type.bundle.ui-testing";
		};
		5F6837A725E6FF550079FBBA /* Tests macOS */ = {
			isa = PBXNativeTarget;
			buildConfigurationList = 5F6837C025E6FF550079FBBA /* Build configuration list for PBXNativeTarget "Tests macOS" */;
			buildPhases = (
				5F6837A425E6FF550079FBBA /* Sources */,
				5F6837A525E6FF550079FBBA /* Frameworks */,
				5F6837A625E6FF550079FBBA /* Resources */,
			);
			buildRules = (
			);
			dependencies = (
				5F6837AA25E6FF550079FBBA /* PBXTargetDependency */,
			);
			name = "Tests macOS";
			productName = "Tests macOS";
			productReference = 5F6837A825E6FF550079FBBA /* Tests macOS.xctest */;
			productType = "com.apple.product-type.bundle.ui-testing";
		};
/* End PBXNativeTarget section */

/* Begin PBXProject section */
		5F68378125E6FF520079FBBA /* Project object */ = {
			isa = PBXProject;
			attributes = {
				LastSwiftUpdateCheck = 1240;
				LastUpgradeCheck = 1240;
				TargetAttributes = {
					5F68378C25E6FF550079FBBA = {
						CreatedOnToolsVersion = 12.4;
					};
					5F68379425E6FF550079FBBA = {
						CreatedOnToolsVersion = 12.4;
					};
					5F68379C25E6FF550079FBBA = {
						CreatedOnToolsVersion = 12.4;
						TestTargetID = 5F68378C25E6FF550079FBBA;
					};
					5F6837A725E6FF550079FBBA = {
						CreatedOnToolsVersion = 12.4;
						TestTargetID = 5F68379425E6FF550079FBBA;
					};
				};
			};
			buildConfigurationList = 5F68378425E6FF520079FBBA /* Build configuration list for PBXProject "GitHubTestApp" */;
			compatibilityVersion = "Xcode 9.3";
			developmentRegion = en;
			hasScannedForEncodings = 0;
			knownRegions = (
				en,
				Base,
			);
			mainGroup = 5F68378025E6FF520079FBBA;
			productRefGroup = 5F68378E25E6FF550079FBBA /* Products */;
			projectDirPath = "";
			projectRoot = "";
			targets = (
				5F68378C25E6FF550079FBBA /* GitHubTestApp (iOS) */,
				5F68379425E6FF550079FBBA /* GitHubTestApp (macOS) */,
				5F68379C25E6FF550079FBBA /* Tests iOS */,
				5F6837A725E6FF550079FBBA /* Tests macOS */,
			);
		};
/* End PBXProject section */

/* Begin PBXResourcesBuildPhase section */
		5F68378B25E6FF550079FBBA /* Resources */ = {
			isa = PBXResourcesBuildPhase;
			buildActionMask = 2147483647;
			files = (
				5F6837B325E6FF550079FBBA /* Assets.xcassets in Resources */,
			);
			runOnlyForDeploymentPostprocessing = 0;
		};
		5F68379325E6FF550079FBBA /* Resources */ = {
			isa = PBXResourcesBuildPhase;
			buildActionMask = 2147483647;
			files = (
				5F6837B425E6FF550079FBBA /* Assets.xcassets in Resources */,
			);
			runOnlyForDeploymentPostprocessing = 0;
		};
		5F68379B25E6FF550079FBBA /* Resources */ = {
			isa = PBXResourcesBuildPhase;
			buildActionMask = 2147483647;
			files = (
			);
			runOnlyForDeploymentPostprocessing = 0;
		};
		5F6837A625E6FF550079FBBA /* Resources */ = {
			isa = PBXResourcesBuildPhase;
			buildActionMask = 2147483647;
			files = (
			);
			runOnlyForDeploymentPostprocessing = 0;
		};
/* End PBXResourcesBuildPhase section */

/* Begin PBXSourcesBuildPhase section */
		5F68378925E6FF550079FBBA /* Sources */ = {
			isa = PBXSourcesBuildPhase;
			buildActionMask = 2147483647;
			files = (
				5F6837B125E6FF550079FBBA /* ContentView.swift in Sources */,
				5F6837AF25E6FF550079FBBA /* GitHubTestAppApp.swift in Sources */,
			);
			runOnlyForDeploymentPostprocessing = 0;
		};
		5F68379125E6FF550079FBBA /* Sources */ = {
			isa = PBXSourcesBuildPhase;
			buildActionMask = 2147483647;
			files = (
				5F6837B225E6FF550079FBBA /* ContentView.swift in Sources */,
				5F6837B025E6FF550079FBBA /* GitHubTestAppApp.swift in Sources */,
			);
			runOnlyForDeploymentPostprocessing = 0;
		};
		5F68379925E6FF550079FBBA /* Sources */ = {
			isa = PBXSourcesBuildPhase;
			buildActionMask = 2147483647;
			files = (
				5F6837A225E6FF550079FBBA /* Tests_iOS.swift in Sources */,
			);
			runOnlyForDeploymentPostprocessing = 0;
		};
		5F6837A425E6FF550079FBBA /* Sources */ = {
			isa = PBXSourcesBuildPhase;
			buildActionMask = 2147483647;
			files = (
				5F6837AD25E6FF550079FBBA /* Tests_macOS.swift in Sources */,
			);
			runOnlyForDeploymentPostprocessing = 0;
		};
/* End PBXSourcesBuildPhase section */

/* Begin PBXTargetDependency section */
		5F68379F25E6FF550079FBBA /* PBXTargetDependency */ = {
			isa = PBXTargetDependency;
			target = 5F68378C25E6FF550079FBBA /* GitHubTestApp (iOS) */;
			targetProxy = 5F68379E25E6FF550079FBBA /* PBXContainerItemProxy */;
		};
		5F6837AA25E6FF550079FBBA /* PBXTargetDependency */ = {
			isa = PBXTargetDependency;
			target = 5F68379425E6FF550079FBBA /* GitHubTestApp (macOS) */;
			targetProxy = 5F6837A925E6FF550079FBBA /* PBXContainerItemProxy */;
		};
/* End PBXTargetDependency section */

/* Begin XCBuildConfiguration section */
		5F6837B525E6FF550079FBBA /* Debug */ = {
			isa = XCBuildConfiguration;
			buildSettings = {
				ALWAYS_SEARCH_USER_PATHS = NO;
				CLANG_ANALYZER_NONNULL = YES;
				CLANG_ANALYZER_NUMBER_OBJECT_CONVERSION = YES_AGGRESSIVE;
				CLANG_CXX_LANGUAGE_STANDARD = "gnu++14";
				CLANG_CXX_LIBRARY = "libc++";
				CLANG_ENABLE_MODULES = YES;
				CLANG_ENABLE_OBJC_ARC = YES;
				CLANG_ENABLE_OBJC_WEAK = YES;
				CLANG_WARN_BLOCK_CAPTURE_AUTORELEASING = YES;
				CLANG_WARN_BOOL_CONVERSION = YES;
				CLANG_WARN_COMMA = YES;
				CLANG_WARN_CONSTANT_CONVERSION = YES;
				CLANG_WARN_DEPRECATED_OBJC_IMPLEMENTATIONS = YES;
				CLANG_WARN_DIRECT_OBJC_ISA_USAGE = YES_ERROR;
				CLANG_WARN_DOCUMENTATION_COMMENTS = YES;
				CLANG_WARN_EMPTY_BODY = YES;
				CLANG_WARN_ENUM_CONVERSION = YES;
				CLANG_WARN_INFINITE_RECURSION = YES;
				CLANG_WARN_INT_CONVERSION = YES;
				CLANG_WARN_NON_LITERAL_NULL_CONVERSION = YES;
				CLANG_WARN_OBJC_IMPLICIT_RETAIN_SELF = YES;
				CLANG_WARN_OBJC_LITERAL_CONVERSION = YES;
				CLANG_WARN_OBJC_ROOT_CLASS = YES_ERROR;
				CLANG_WARN_QUOTED_INCLUDE_IN_FRAMEWORK_HEADER = YES;
				CLANG_WARN_RANGE_LOOP_ANALYSIS = YES;
				CLANG_WARN_STRICT_PROTOTYPES = YES;
				CLANG_WARN_SUSPICIOUS_MOVE = YES;
				CLANG_WARN_UNGUARDED_AVAILABILITY = YES_AGGRESSIVE;
				CLANG_WARN_UNREACHABLE_CODE = YES;
				CLANG_WARN__DUPLICATE_METHOD_MATCH = YES;
				COPY_PHASE_STRIP = NO;
				DEBUG_INFORMATION_FORMAT = dwarf;
				ENABLE_STRICT_OBJC_MSGSEND = YES;
				ENABLE_TESTABILITY = YES;
				GCC_C_LANGUAGE_STANDARD = gnu11;
				GCC_DYNAMIC_NO_PIC = NO;
				GCC_NO_COMMON_BLOCKS = YES;
				GCC_OPTIMIZATION_LEVEL = 0;
				GCC_PREPROCESSOR_DEFINITIONS = (
					"DEBUG=1",
					"$(inherited)",
				);
				GCC_WARN_64_TO_32_BIT_CONVERSION = YES;
				GCC_WARN_ABOUT_RETURN_TYPE = YES_ERROR;
				GCC_WARN_UNDECLARED_SELECTOR = YES;
				GCC_WARN_UNINITIALIZED_AUTOS = YES_AGGRESSIVE;
				GCC_WARN_UNUSED_FUNCTION = YES;
				GCC_WARN_UNUSED_VARIABLE = YES;
				MTL_ENABLE_DEBUG_INFO = INCLUDE_SOURCE;
				MTL_FAST_MATH = YES;
				ONLY_ACTIVE_ARCH = YES;
				SWIFT_ACTIVE_COMPILATION_CONDITIONS = DEBUG;
				SWIFT_OPTIMIZATION_LEVEL = "-Onone";
			};
			name = Debug;
		};
		5F6837B625E6FF550079FBBA /* Release */ = {
			isa = XCBuildConfiguration;
			buildSettings = {
				ALWAYS_SEARCH_USER_PATHS = NO;
				CLANG_ANALYZER_NONNULL = YES;
				CLANG_ANALYZER_NUMBER_OBJECT_CONVERSION = YES_AGGRESSIVE;
				CLANG_CXX_LANGUAGE_STANDARD = "gnu++14";
				CLANG_CXX_LIBRARY = "libc++";
				CLANG_ENABLE_MODULES = YES;
				CLANG_ENABLE_OBJC_ARC = YES;
				CLANG_ENABLE_OBJC_WEAK = YES;
				CLANG_WARN_BLOCK_CAPTURE_AUTORELEASING = YES;
				CLANG_WARN_BOOL_CONVERSION = YES;
				CLANG_WARN_COMMA = YES;
				CLANG_WARN_CONSTANT_CONVERSION = YES;
				CLANG_WARN_DEPRECATED_OBJC_IMPLEMENTATIONS = YES;
				CLANG_WARN_DIRECT_OBJC_ISA_USAGE = YES_ERROR;
				CLANG_WARN_DOCUMENTATION_COMMENTS = YES;
				CLANG_WARN_EMPTY_BODY = YES;
				CLANG_WARN_ENUM_CONVERSION = YES;
				CLANG_WARN_INFINITE_RECURSION = YES;
				CLANG_WARN_INT_CONVERSION = YES;
				CLANG_WARN_NON_LITERAL_NULL_CONVERSION = YES;
				CLANG_WARN_OBJC_IMPLICIT_RETAIN_SELF = YES;
				CLANG_WARN_OBJC_LITERAL_CONVERSION = YES;
				CLANG_WARN_OBJC_ROOT_CLASS = YES_ERROR;
				CLANG_WARN_QUOTED_INCLUDE_IN_FRAMEWORK_HEADER = YES;
				CLANG_WARN_RANGE_LOOP_ANALYSIS = YES;
				CLANG_WARN_STRICT_PROTOTYPES = YES;
				CLANG_WARN_SUSPICIOUS_MOVE = YES;
				CLANG_WARN_UNGUARDED_AVAILABILITY = YES_AGGRESSIVE;
				CLANG_WARN_UNREACHABLE_CODE = YES;
				CLANG_WARN__DUPLICATE_METHOD_MATCH = YES;
				COPY_PHASE_STRIP = NO;
				DEBUG_INFORMATION_FORMAT = "dwarf-with-dsym";
				ENABLE_NS_ASSERTIONS = NO;
				ENABLE_STRICT_OBJC_MSGSEND = YES;
				GCC_C_LANGUAGE_STANDARD = gnu11;
				GCC_NO_COMMON_BLOCKS = YES;
				GCC_WARN_64_TO_32_BIT_CONVERSION = YES;
				GCC_WARN_ABOUT_RETURN_TYPE = YES_ERROR;
				GCC_WARN_UNDECLARED_SELECTOR = YES;
				GCC_WARN_UNINITIALIZED_AUTOS = YES_AGGRESSIVE;
				GCC_WARN_UNUSED_FUNCTION = YES;
				GCC_WARN_UNUSED_VARIABLE = YES;
				MTL_ENABLE_DEBUG_INFO = NO;
				MTL_FAST_MATH = YES;
				SWIFT_COMPILATION_MODE = wholemodule;
				SWIFT_OPTIMIZATION_LEVEL = "-O";
			};
			name = Release;
		};
		5F6837B825E6FF550079FBBA /* Debug */ = {
			isa = XCBuildConfiguration;
			buildSettings = {
				ASSETCATALOG_COMPILER_APPICON_NAME = AppIcon;
				ASSETCATALOG_COMPILER_GLOBAL_ACCENT_COLOR_NAME = AccentColor;
				CODE_SIGN_STYLE = Automatic;
				ENABLE_PREVIEWS = YES;
				INFOPLIST_FILE = iOS/Info.plist;
				IPHONEOS_DEPLOYMENT_TARGET = 14.0;
				LD_RUNPATH_SEARCH_PATHS = (
					"$(inherited)",
					"@executable_path/Frameworks",
				);
				PRODUCT_BUNDLE_IDENTIFIER = com.DhruvGupta.GitHubTestApp;
				PRODUCT_NAME = GitHubTestApp;
				SDKROOT = iphoneos;
				SWIFT_VERSION = 5.0;
				TARGETED_DEVICE_FAMILY = "1,2";
			};
			name = Debug;
		};
		5F6837B925E6FF550079FBBA /* Release */ = {
			isa = XCBuildConfiguration;
			buildSettings = {
				ASSETCATALOG_COMPILER_APPICON_NAME = AppIcon;
				ASSETCATALOG_COMPILER_GLOBAL_ACCENT_COLOR_NAME = AccentColor;
				CODE_SIGN_STYLE = Automatic;
				ENABLE_PREVIEWS = YES;
				INFOPLIST_FILE = iOS/Info.plist;
				IPHONEOS_DEPLOYMENT_TARGET = 14.0;
				LD_RUNPATH_SEARCH_PATHS = (
					"$(inherited)",
					"@executable_path/Frameworks",
				);
				PRODUCT_BUNDLE_IDENTIFIER = com.DhruvGupta.GitHubTestApp;
				PRODUCT_NAME = GitHubTestApp;
				SDKROOT = iphoneos;
				SWIFT_VERSION = 5.0;
				TARGETED_DEVICE_FAMILY = "1,2";
				VALIDATE_PRODUCT = YES;
			};
			name = Release;
		};
		5F6837BB25E6FF550079FBBA /* Debug */ = {
			isa = XCBuildConfiguration;
			buildSettings = {
				ASSETCATALOG_COMPILER_APPICON_NAME = AppIcon;
				ASSETCATALOG_COMPILER_GLOBAL_ACCENT_COLOR_NAME = AccentColor;
				CODE_SIGN_ENTITLEMENTS = macOS/macOS.entitlements;
				CODE_SIGN_STYLE = Automatic;
				COMBINE_HIDPI_IMAGES = YES;
				ENABLE_PREVIEWS = YES;
				INFOPLIST_FILE = macOS/Info.plist;
				LD_RUNPATH_SEARCH_PATHS = (
					"$(inherited)",
					"@executable_path/../Frameworks",
				);
				MACOSX_DEPLOYMENT_TARGET = 11.0;
				PRODUCT_BUNDLE_IDENTIFIER = com.DhruvGupta.GitHubTestApp;
				PRODUCT_NAME = GitHubTestApp;
				SDKROOT = macosx;
				SWIFT_VERSION = 5.0;
			};
			name = Debug;
		};
		5F6837BC25E6FF550079FBBA /* Release */ = {
			isa = XCBuildConfiguration;
			buildSettings = {
				ASSETCATALOG_COMPILER_APPICON_NAME = AppIcon;
				ASSETCATALOG_COMPILER_GLOBAL_ACCENT_COLOR_NAME = AccentColor;
				CODE_SIGN_ENTITLEMENTS = macOS/macOS.entitlements;
				CODE_SIGN_STYLE = Automatic;
				COMBINE_HIDPI_IMAGES = YES;
				ENABLE_PREVIEWS = YES;
				INFOPLIST_FILE = macOS/Info.plist;
				LD_RUNPATH_SEARCH_PATHS = (
					"$(inherited)",
					"@executable_path/../Frameworks",
				);
				MACOSX_DEPLOYMENT_TARGET = 11.0;
				PRODUCT_BUNDLE_IDENTIFIER = com.DhruvGupta.GitHubTestApp;
				PRODUCT_NAME = GitHubTestApp;
				SDKROOT = macosx;
				SWIFT_VERSION = 5.0;
			};
			name = Release;
		};
		5F6837BE25E6FF550079FBBA /* Debug */ = {
			isa = XCBuildConfiguration;
			buildSettings = {
				ALWAYS_EMBED_SWIFT_STANDARD_LIBRARIES = YES;
				CODE_SIGN_STYLE = Automatic;
				INFOPLIST_FILE = "Tests iOS/Info.plist";
				IPHONEOS_DEPLOYMENT_TARGET = 14.4;
				LD_RUNPATH_SEARCH_PATHS = (
					"$(inherited)",
					"@executable_path/Frameworks",
					"@loader_path/Frameworks",
				);
				PRODUCT_BUNDLE_IDENTIFIER = "com.DhruvGupta.Tests-iOS";
				PRODUCT_NAME = "$(TARGET_NAME)";
				SDKROOT = iphoneos;
				SWIFT_VERSION = 5.0;
				TARGETED_DEVICE_FAMILY = "1,2";
				TEST_TARGET_NAME = "GitHubTestApp (iOS)";
			};
			name = Debug;
		};
		5F6837BF25E6FF550079FBBA /* Release */ = {
			isa = XCBuildConfiguration;
			buildSettings = {
				ALWAYS_EMBED_SWIFT_STANDARD_LIBRARIES = YES;
				CODE_SIGN_STYLE = Automatic;
				INFOPLIST_FILE = "Tests iOS/Info.plist";
				IPHONEOS_DEPLOYMENT_TARGET = 14.4;
				LD_RUNPATH_SEARCH_PATHS = (
					"$(inherited)",
					"@executable_path/Frameworks",
					"@loader_path/Frameworks",
				);
				PRODUCT_BUNDLE_IDENTIFIER = "com.DhruvGupta.Tests-iOS";
				PRODUCT_NAME = "$(TARGET_NAME)";
				SDKROOT = iphoneos;
				SWIFT_VERSION = 5.0;
				TARGETED_DEVICE_FAMILY = "1,2";
				TEST_TARGET_NAME = "GitHubTestApp (iOS)";
				VALIDATE_PRODUCT = YES;
			};
			name = Release;
		};
		5F6837C125E6FF550079FBBA /* Debug */ = {
			isa = XCBuildConfiguration;
			buildSettings = {
				ALWAYS_EMBED_SWIFT_STANDARD_LIBRARIES = YES;
				CODE_SIGN_STYLE = Automatic;
				COMBINE_HIDPI_IMAGES = YES;
				INFOPLIST_FILE = "Tests macOS/Info.plist";
				LD_RUNPATH_SEARCH_PATHS = (
					"$(inherited)",
					"@executable_path/../Frameworks",
					"@loader_path/../Frameworks",
				);
				MACOSX_DEPLOYMENT_TARGET = 11.1;
				PRODUCT_BUNDLE_IDENTIFIER = "com.DhruvGupta.Tests-macOS";
				PRODUCT_NAME = "$(TARGET_NAME)";
				SDKROOT = macosx;
				SWIFT_VERSION = 5.0;
				TEST_TARGET_NAME = "GitHubTestApp (macOS)";
			};
			name = Debug;
		};
		5F6837C225E6FF550079FBBA /* Release */ = {
			isa = XCBuildConfiguration;
			buildSettings = {
				ALWAYS_EMBED_SWIFT_STANDARD_LIBRARIES = YES;
				CODE_SIGN_STYLE = Automatic;
				COMBINE_HIDPI_IMAGES = YES;
				INFOPLIST_FILE = "Tests macOS/Info.plist";
				LD_RUNPATH_SEARCH_PATHS = (
					"$(inherited)",
					"@executable_path/../Frameworks",
					"@loader_path/../Frameworks",
				);
				MACOSX_DEPLOYMENT_TARGET = 11.1;
				PRODUCT_BUNDLE_IDENTIFIER = "com.DhruvGupta.Tests-macOS";
				PRODUCT_NAME = "$(TARGET_NAME)";
				SDKROOT = macosx;
				SWIFT_VERSION = 5.0;
				TEST_TARGET_NAME = "GitHubTestApp (macOS)";
			};
			name = Release;
		};
/* End XCBuildConfiguration section */

/* Begin XCConfigurationList section */
		5F68378425E6FF520079FBBA /* Build configuration list for PBXProject "GitHubTestApp" */ = {
			isa = XCConfigurationList;
			buildConfigurations = (
				5F6837B525E6FF550079FBBA /* Debug */,
				5F6837B625E6FF550079FBBA /* Release */,
			);
			defaultConfigurationIsVisible = 0;
			defaultConfigurationName = Release;
		};
		5F6837B725E6FF550079FBBA /* Build configuration list for PBXNativeTarget "GitHubTestApp (iOS)" */ = {
			isa = XCConfigurationList;
			buildConfigurations = (
				5F6837B825E6FF550079FBBA /* Debug */,
				5F6837B925E6FF550079FBBA /* Release */,
			);
			defaultConfigurationIsVisible = 0;
			defaultConfigurationName = Release;
		};
		5F6837BA25E6FF550079FBBA /* Build configuration list for PBXNativeTarget "GitHubTestApp (macOS)" */ = {
			isa = XCConfigurationList;
			buildConfigurations = (
				5F6837BB25E6FF550079FBBA /* Debug */,
				5F6837BC25E6FF550079FBBA /* Release */,
			);
			defaultConfigurationIsVisible = 0;
			defaultConfigurationName = Release;
		};
		5F6837BD25E6FF550079FBBA /* Build configuration list for PBXNativeTarget "Tests iOS" */ = {
			isa = XCConfigurationList;
			buildConfigurations = (
				5F6837BE25E6FF550079FBBA /* Debug */,
				5F6837BF25E6FF550079FBBA /* Release */,
			);
			defaultConfigurationIsVisible = 0;
			defaultConfigurationName = Release;
		};
		5F6837C025E6FF550079FBBA /* Build configuration list for PBXNativeTarget "Tests macOS" */ = {
			isa = XCConfigurationList;
			buildConfigurations = (
				5F6837C125E6FF550079FBBA /* Debug */,
				5F6837C225E6FF550079FBBA /* Release */,
			);
			defaultConfigurationIsVisible = 0;
			defaultConfigurationName = Release;
		};
/* End XCConfigurationList section */
	};
	rootObject = 5F68378125E6FF520079FBBA /* Project object */;
}
